// !$*UTF8*$!
{
	archiveVersion = 1;
	classes = {
	};
	objectVersion = 56;
	objects = {

/* Begin PBXBuildFile section */
		FA26B60D2B2B059B009CD6F5 /* MemorizeApp.swift in Sources */ = {isa = PBXBuildFile; fileRef = FA26B60C2B2B059B009CD6F5 /* MemorizeApp.swift */; };
		FA26B60F2B2B059B009CD6F5 /* EmojiMemoryGameView.swift in Sources */ = {isa = PBXBuildFile; fileRef = FA26B60E2B2B059B009CD6F5 /* EmojiMemoryGameView.swift */; };
		FA26B6112B2B059D009CD6F5 /* Assets.xcassets in Resources */ = {isa = PBXBuildFile; fileRef = FA26B6102B2B059C009CD6F5 /* Assets.xcassets */; };
		FA26B6142B2B059D009CD6F5 /* Preview Assets.xcassets in Resources */ = {isa = PBXBuildFile; fileRef = FA26B6132B2B059D009CD6F5 /* Preview Assets.xcassets */; };
		FA48CBCB2B2F144B003BC0C4 /* MemoryGame.swift in Sources */ = {isa = PBXBuildFile; fileRef = FA48CBCA2B2F144B003BC0C4 /* MemoryGame.swift */; };
		FA48CBCD2B2F169D003BC0C4 /* EmojiMemoryGame.swift in Sources */ = {isa = PBXBuildFile; fileRef = FA48CBCC2B2F169D003BC0C4 /* EmojiMemoryGame.swift */; };
		FA553A162B2C97BA00674631 /* CardView.swift in Sources */ = {isa = PBXBuildFile; fileRef = FA553A152B2C97BA00674631 /* CardView.swift */; };
/* End PBXBuildFile section */

/* Begin PBXFileReference section */
		FA26B6092B2B059B009CD6F5 /* Memorize.app */ = {isa = PBXFileReference; explicitFileType = wrapper.application; includeInIndex = 0; path = Memorize.app; sourceTree = BUILT_PRODUCTS_DIR; };
		FA26B60C2B2B059B009CD6F5 /* MemorizeApp.swift */ = {isa = PBXFileReference; lastKnownFileType = sourcecode.swift; path = MemorizeApp.swift; sourceTree = "<group>"; };
		FA26B60E2B2B059B009CD6F5 /* EmojiMemoryGameView.swift */ = {isa = PBXFileReference; lastKnownFileType = sourcecode.swift; path = EmojiMemoryGameView.swift; sourceTree = "<group>"; };
		FA26B6102B2B059C009CD6F5 /* Assets.xcassets */ = {isa = PBXFileReference; lastKnownFileType = folder.assetcatalog; path = Assets.xcassets; sourceTree = "<group>"; };
		FA26B6132B2B059D009CD6F5 /* Preview Assets.xcassets */ = {isa = PBXFileReference; lastKnownFileType = folder.assetcatalog; path = "Preview Assets.xcassets"; sourceTree = "<group>"; };
		FA48CBCA2B2F144B003BC0C4 /* MemoryGame.swift */ = {isa = PBXFileReference; lastKnownFileType = sourcecode.swift; path = MemoryGame.swift; sourceTree = "<group>"; };
		FA48CBCC2B2F169D003BC0C4 /* EmojiMemoryGame.swift */ = {isa = PBXFileReference; lastKnownFileType = sourcecode.swift; path = EmojiMemoryGame.swift; sourceTree = "<group>"; };
		FA553A152B2C97BA00674631 /* CardView.swift */ = {isa = PBXFileReference; lastKnownFileType = sourcecode.swift; path = CardView.swift; sourceTree = "<group>"; };
/* End PBXFileReference section */

/* Begin PBXFrameworksBuildPhase section */
		FA26B6062B2B059B009CD6F5 /* Frameworks */ = {
			isa = PBXFrameworksBuildPhase;
			buildActionMask = 2147483647;
			files = (
			);
			runOnlyForDeploymentPostprocessing = 0;
		};
/* End PBXFrameworksBuildPhase section */

/* Begin PBXGroup section */
		FA26B6002B2B059B009CD6F5 = {
			isa = PBXGroup;
			children = (
				FA26B60B2B2B059B009CD6F5 /* Memorize */,
				FA26B60A2B2B059B009CD6F5 /* Products */,
			);
			sourceTree = "<group>";
		};
		FA26B60A2B2B059B009CD6F5 /* Products */ = {
			isa = PBXGroup;
			children = (
				FA26B6092B2B059B009CD6F5 /* Memorize.app */,
			);
			name = Products;
			sourceTree = "<group>";
		};
		FA26B60B2B2B059B009CD6F5 /* Memorize */ = {
			isa = PBXGroup;
			children = (
				FA26B60C2B2B059B009CD6F5 /* MemorizeApp.swift */,
				FA48CBCA2B2F144B003BC0C4 /* MemoryGame.swift */,
				FA48CBCC2B2F169D003BC0C4 /* EmojiMemoryGame.swift */,
				FA26B60E2B2B059B009CD6F5 /* EmojiMemoryGameView.swift */,
				FA553A152B2C97BA00674631 /* CardView.swift */,
				FA26B6102B2B059C009CD6F5 /* Assets.xcassets */,
				FA26B6122B2B059D009CD6F5 /* Preview Content */,
			);
			path = Memorize;
			sourceTree = "<group>";
		};
		FA26B6122B2B059D009CD6F5 /* Preview Content */ = {
			isa = PBXGroup;
			children = (
				FA26B6132B2B059D009CD6F5 /* Preview Assets.xcassets */,
			);
			path = "Preview Content";
			sourceTree = "<group>";
		};
/* End PBXGroup section */

/* Begin PBXNativeTarget section */
		FA26B6082B2B059B009CD6F5 /* Memorize */ = {
			isa = PBXNativeTarget;
			buildConfigurationList = FA26B6172B2B059D009CD6F5 /* Build configuration list for PBXNativeTarget "Memorize" */;
			buildPhases = (
				FA26B6052B2B059B009CD6F5 /* Sources */,
				FA26B6062B2B059B009CD6F5 /* Frameworks */,
				FA26B6072B2B059B009CD6F5 /* Resources */,
			);
			buildRules = (
			);
			dependencies = (
			);
			name = Memorize;
			productName = Memorize;
			productReference = FA26B6092B2B059B009CD6F5 /* Memorize.app */;
			productType = "com.apple.product-type.application";
		};
/* End PBXNativeTarget section */

/* Begin PBXProject section */
		FA26B6012B2B059B009CD6F5 /* Project object */ = {
			isa = PBXProject;
			attributes = {
				BuildIndependentTargetsInParallel = 1;
				LastSwiftUpdateCheck = 1500;
				LastUpgradeCheck = 1500;
				TargetAttributes = {
					FA26B6082B2B059B009CD6F5 = {
						CreatedOnToolsVersion = 15.0.1;
					};
				};
			};
			buildConfigurationList = FA26B6042B2B059B009CD6F5 /* Build configuration list for PBXProject "Memorize" */;
			compatibilityVersion = "Xcode 14.0";
			developmentRegion = en;
			hasScannedForEncodings = 0;
			knownRegions = (
				en,
				Base,
			);
			mainGroup = FA26B6002B2B059B009CD6F5;
			productRefGroup = FA26B60A2B2B059B009CD6F5 /* Products */;
			projectDirPath = "";
			projectRoot = "";
			targets = (
				FA26B6082B2B059B009CD6F5 /* Memorize */,
			);
		};
/* End PBXProject section */

/* Begin PBXResourcesBuildPhase section */
		FA26B6072B2B059B009CD6F5 /* Resources */ = {
			isa = PBXResourcesBuildPhase;
			buildActionMask = 2147483647;
			files = (
				FA26B6142B2B059D009CD6F5 /* Preview Assets.xcassets in Resources */,
				FA26B6112B2B059D009CD6F5 /* Assets.xcassets in Resources */,
			);
			runOnlyForDeploymentPostprocessing = 0;
		};
/* End PBXResourcesBuildPhase section */

/* Begin PBXSourcesBuildPhase section */
		FA26B6052B2B059B009CD6F5 /* Sources */ = {
			isa = PBXSourcesBuildPhase;
			buildActionMask = 2147483647;
			files = (
				FA26B60F2B2B059B009CD6F5 /* EmojiMemoryGameView.swift in Sources */,
				FA48CBCD2B2F169D003BC0C4 /* EmojiMemoryGame.swift in Sources */,
				FA553A162B2C97BA00674631 /* CardView.swift in Sources */,
				FA48CBCB2B2F144B003BC0C4 /* MemoryGame.swift in Sources */,
				FA26B60D2B2B059B009CD6F5 /* MemorizeApp.swift in Sources */,
			);
			runOnlyForDeploymentPostprocessing = 0;
		};
/* End PBXSourcesBuildPhase section */

/* Begin XCBuildConfiguration section */
		FA26B6152B2B059D009CD6F5 /* Debug */ = {
			isa = XCBuildConfiguration;
			buildSettings = {
				ALWAYS_SEARCH_USER_PATHS = NO;
				ASSETCATALOG_COMPILER_GENERATE_SWIFT_ASSET_SYMBOL_EXTENSIONS = YES;
				CLANG_ANALYZER_NONNULL = YES;
				CLANG_ANALYZER_NUMBER_OBJECT_CONVERSION = YES_AGGRESSIVE;
				CLANG_CXX_LANGUAGE_STANDARD = "gnu++20";
				CLANG_ENABLE_MODULES = YES;
				CLANG_ENABLE_OBJC_ARC = YES;
				CLANG_ENABLE_OBJC_WEAK = YES;
				CLANG_WARN_BLOCK_CAPTURE_AUTORELEASING = YES;
				CLANG_WARN_BOOL_CONVERSION = YES;
				CLANG_WARN_COMMA = YES;
				CLANG_WARN_CONSTANT_CONVERSION = YES;
				CLANG_WARN_DEPRECATED_OBJC_IMPLEMENTATIONS = YES;
				CLANG_WARN_DIRECT_OBJC_ISA_USAGE = YES_ERROR;
				CLANG_WARN_DOCUMENTATION_COMMENTS = YES;
				CLANG_WARN_EMPTY_BODY = YES;
				CLANG_WARN_ENUM_CONVERSION = YES;
				CLANG_WARN_INFINITE_RECURSION = YES;
				CLANG_WARN_INT_CONVERSION = YES;
				CLANG_WARN_NON_LITERAL_NULL_CONVERSION = YES;
				CLANG_WARN_OBJC_IMPLICIT_RETAIN_SELF = YES;
				CLANG_WARN_OBJC_LITERAL_CONVERSION = YES;
				CLANG_WARN_OBJC_ROOT_CLASS = YES_ERROR;
				CLANG_WARN_QUOTED_INCLUDE_IN_FRAMEWORK_HEADER = YES;
				CLANG_WARN_RANGE_LOOP_ANALYSIS = YES;
				CLANG_WARN_STRICT_PROTOTYPES = YES;
				CLANG_WARN_SUSPICIOUS_MOVE = YES;
				CLANG_WARN_UNGUARDED_AVAILABILITY = YES_AGGRESSIVE;
				CLANG_WARN_UNREACHABLE_CODE = YES;
				CLANG_WARN__DUPLICATE_METHOD_MATCH = YES;
				COPY_PHASE_STRIP = NO;
				DEBUG_INFORMATION_FORMAT = dwarf;
				ENABLE_STRICT_OBJC_MSGSEND = YES;
				ENABLE_TESTABILITY = YES;
				ENABLE_USER_SCRIPT_SANDBOXING = YES;
				GCC_C_LANGUAGE_STANDARD = gnu17;
				GCC_DYNAMIC_NO_PIC = NO;
				GCC_NO_COMMON_BLOCKS = YES;
				GCC_OPTIMIZATION_LEVEL = 0;
				GCC_PREPROCESSOR_DEFINITIONS = (
					"DEBUG=1",
					"$(inherited)",
				);
				GCC_WARN_64_TO_32_BIT_CONVERSION = YES;
				GCC_WARN_ABOUT_RETURN_TYPE = YES_ERROR;
				GCC_WARN_UNDECLARED_SELECTOR = YES;
				GCC_WARN_UNINITIALIZED_AUTOS = YES_AGGRESSIVE;
				GCC_WARN_UNUSED_FUNCTION = YES;
				GCC_WARN_UNUSED_VARIABLE = YES;
				IPHONEOS_DEPLOYMENT_TARGET = 17.0;
				LOCALIZATION_PREFERS_STRING_CATALOGS = YES;
				MTL_ENABLE_DEBUG_INFO = INCLUDE_SOURCE;
				MTL_FAST_MATH = YES;
				ONLY_ACTIVE_ARCH = YES;
				SDKROOT = iphoneos;
				SWIFT_ACTIVE_COMPILATION_CONDITIONS = "DEBUG $(inherited)";
				SWIFT_OPTIMIZATION_LEVEL = "-Onone";
			};
			name = Debug;
		};
		FA26B6162B2B059D009CD6F5 /* Release */ = {
			isa = XCBuildConfiguration;
			buildSettings = {
				ALWAYS_SEARCH_USER_PATHS = NO;
				ASSETCATALOG_COMPILER_GENERATE_SWIFT_ASSET_SYMBOL_EXTENSIONS = YES;
				CLANG_ANALYZER_NONNULL = YES;
				CLANG_ANALYZER_NUMBER_OBJECT_CONVERSION = YES_AGGRESSIVE;
				CLANG_CXX_LANGUAGE_STANDARD = "gnu++20";
				CLANG_ENABLE_MODULES = YES;
				CLANG_ENABLE_OBJC_ARC = YES;
				CLANG_ENABLE_OBJC_WEAK = YES;
				CLANG_WARN_BLOCK_CAPTURE_AUTORELEASING = YES;
				CLANG_WARN_BOOL_CONVERSION = YES;
				CLANG_WARN_COMMA = YES;
				CLANG_WARN_CONSTANT_CONVERSION = YES;
				CLANG_WARN_DEPRECATED_OBJC_IMPLEMENTATIONS = YES;
				CLANG_WARN_DIRECT_OBJC_ISA_USAGE = YES_ERROR;
				CLANG_WARN_DOCUMENTATION_COMMENTS = YES;
				CLANG_WARN_EMPTY_BODY = YES;
				CLANG_WARN_ENUM_CONVERSION = YES;
				CLANG_WARN_INFINITE_RECURSION = YES;
				CLANG_WARN_INT_CONVERSION = YES;
				CLANG_WARN_NON_LITERAL_NULL_CONVERSION = YES;
				CLANG_WARN_OBJC_IMPLICIT_RETAIN_SELF = YES;
				CLANG_WARN_OBJC_LITERAL_CONVERSION = YES;
				CLANG_WARN_OBJC_ROOT_CLASS = YES_ERROR;
				CLANG_WARN_QUOTED_INCLUDE_IN_FRAMEWORK_HEADER = YES;
				CLANG_WARN_RANGE_LOOP_ANALYSIS = YES;
				CLANG_WARN_STRICT_PROTOTYPES = YES;
				CLANG_WARN_SUSPICIOUS_MOVE = YES;
				CLANG_WARN_UNGUARDED_AVAILABILITY = YES_AGGRESSIVE;
				CLANG_WARN_UNREACHABLE_CODE = YES;
				CLANG_WARN__DUPLICATE_METHOD_MATCH = YES;
				COPY_PHASE_STRIP = NO;
				DEBUG_INFORMATION_FORMAT = "dwarf-with-dsym";
				ENABLE_NS_ASSERTIONS = NO;
				ENABLE_STRICT_OBJC_MSGSEND = YES;
				ENABLE_USER_SCRIPT_SANDBOXING = YES;
				GCC_C_LANGUAGE_STANDARD = gnu17;
				GCC_NO_COMMON_BLOCKS = YES;
				GCC_WARN_64_TO_32_BIT_CONVERSION = YES;
				GCC_WARN_ABOUT_RETURN_TYPE = YES_ERROR;
				GCC_WARN_UNDECLARED_SELECTOR = YES;
				GCC_WARN_UNINITIALIZED_AUTOS = YES_AGGRESSIVE;
				GCC_WARN_UNUSED_FUNCTION = YES;
				GCC_WARN_UNUSED_VARIABLE = YES;
				IPHONEOS_DEPLOYMENT_TARGET = 17.0;
				LOCALIZATION_PREFERS_STRING_CATALOGS = YES;
				MTL_ENABLE_DEBUG_INFO = NO;
				MTL_FAST_MATH = YES;
				SDKROOT = iphoneos;
				SWIFT_COMPILATION_MODE = wholemodule;
				VALIDATE_PRODUCT = YES;
			};
			name = Release;
		};
		FA26B6182B2B059D009CD6F5 /* Debug */ = {
			isa = XCBuildConfiguration;
			buildSettings = {
				ASSETCATALOG_COMPILER_APPICON_NAME = AppIcon;
				ASSETCATALOG_COMPILER_GLOBAL_ACCENT_COLOR_NAME = AccentColor;
				CODE_SIGN_STYLE = Automatic;
				CURRENT_PROJECT_VERSION = 1;
				DEVELOPMENT_ASSET_PATHS = "\"Memorize/Preview Content\"";
				DEVELOPMENT_TEAM = C3FR263H69;
				ENABLE_PREVIEWS = YES;
				GENERATE_INFOPLIST_FILE = YES;
				INFOPLIST_KEY_UIApplicationSceneManifest_Generation = YES;
				INFOPLIST_KEY_UIApplicationSupportsIndirectInputEvents = YES;
				INFOPLIST_KEY_UILaunchScreen_Generation = YES;
				INFOPLIST_KEY_UISupportedInterfaceOrientations = "UIInterfaceOrientationLandscapeLeft UIInterfaceOrientationLandscapeRight UIInterfaceOrientationPortrait";
				INFOPLIST_KEY_UISupportedInterfaceOrientations_iPad = UIInterfaceOrientationPortrait;
				IPHONEOS_DEPLOYMENT_TARGET = 16.4;
				LD_RUNPATH_SEARCH_PATHS = (
					"$(inherited)",
					"@executable_path/Frameworks",
				);
				MARKETING_VERSION = 1.0;
				PRODUCT_BUNDLE_IDENTIFIER = com.ins.Memorize;
				PRODUCT_NAME = "$(TARGET_NAME)";
				SWIFT_EMIT_LOC_STRINGS = YES;
				SWIFT_VERSION = 5.0;
				TARGETED_DEVICE_FAMILY = "1,2";
			};
			name = Debug;
		};
		FA26B6192B2B059D009CD6F5 /* Release */ = {
			isa = XCBuildConfiguration;
			buildSettings = {
				ASSETCATALOG_COMPILER_APPICON_NAME = AppIcon;
				ASSETCATALOG_COMPILER_GLOBAL_ACCENT_COLOR_NAME = AccentColor;
				CODE_SIGN_STYLE = Automatic;
				CURRENT_PROJECT_VERSION = 1;
				DEVELOPMENT_ASSET_PATHS = "\"Memorize/Preview Content\"";
				DEVELOPMENT_TEAM = C3FR263H69;
				ENABLE_PREVIEWS = YES;
				GENERATE_INFOPLIST_FILE = YES;
				INFOPLIST_KEY_UIApplicationSceneManifest_Generation = YES;
				INFOPLIST_KEY_UIApplicationSupportsIndirectInputEvents = YES;
				INFOPLIST_KEY_UILaunchScreen_Generation = YES;
				INFOPLIST_KEY_UISupportedInterfaceOrientations = "UIInterfaceOrientationLandscapeLeft UIInterfaceOrientationLandscapeRight UIInterfaceOrientationPortrait";
				INFOPLIST_KEY_UISupportedInterfaceOrientations_iPad = UIInterfaceOrientationPortrait;
				IPHONEOS_DEPLOYMENT_TARGET = 16.4;
				LD_RUNPATH_SEARCH_PATHS = (
					"$(inherited)",
					"@executable_path/Frameworks",
				);
				MARKETING_VERSION = 1.0;
				PRODUCT_BUNDLE_IDENTIFIER = com.ins.Memorize;
				PRODUCT_NAME = "$(TARGET_NAME)";
				SWIFT_EMIT_LOC_STRINGS = YES;
				SWIFT_VERSION = 5.0;
				TARGETED_DEVICE_FAMILY = "1,2";
			};
			name = Release;
		};
/* End XCBuildConfiguration section */

/* Begin XCConfigurationList section */
		FA26B6042B2B059B009CD6F5 /* Build configuration list for PBXProject "Memorize" */ = {
			isa = XCConfigurationList;
			buildConfigurations = (
				FA26B6152B2B059D009CD6F5 /* Debug */,
				FA26B6162B2B059D009CD6F5 /* Release */,
			);
			defaultConfigurationIsVisible = 0;
			defaultConfigurationName = Release;
		};
		FA26B6172B2B059D009CD6F5 /* Build configuration list for PBXNativeTarget "Memorize" */ = {
			isa = XCConfigurationList;
			buildConfigurations = (
				FA26B6182B2B059D009CD6F5 /* Debug */,
				FA26B6192B2B059D009CD6F5 /* Release */,
			);
			defaultConfigurationIsVisible = 0;
			defaultConfigurationName = Release;
		};
/* End XCConfigurationList section */
	};
	rootObject = FA26B6012B2B059B009CD6F5 /* Project object */;
}
